
Microsoft Visual Studio Solution File, Format Version 12.00
# Visual Studio Version 16
VisualStudioVersion = 16.0.29215.179
MinimumVisualStudioVersion = 10.0.40219.1
Project("{FAE04EC0-301F-11D3-BF4B-00C04F79EFBC}") = "Migration", "Migration\Migration.csproj", "{C14AC789-E3A1-4849-9EFC-74EF96610385}"
EndProject
Global
	GlobalSection(SolutionConfigurationPlatforms) = preSolution
		Debug|Any CPU = Debug|Any CPU
		Release|Any CPU = Release|Any CPU
	EndGlobalSection
	GlobalSection(ProjectConfigurationPlatforms) = postSolution
		{C14AC789-E3A1-4849-9EFC-74EF96610385}.Debug|Any CPU.ActiveCfg = Debug|Any CPU
		{C14AC789-E3A1-4849-9EFC-74EF96610385}.Debug|Any CPU.Build.0 = Debug|Any CPU
		{C14AC789-E3A1-4849-9EFC-74EF96610385}.Release|Any CPU.ActiveCfg = Release|Any CPU
		{C14AC789-E3A1-4849-9EFC-74EF96610385}.Release|Any CPU.Build.0 = Release|Any CPU
	EndGlobalSection
	GlobalSection(SolutionProperties) = preSolution
		HideSolutionNode = FALSE
	EndGlobalSection
	GlobalSection(ExtensibilityGlobals) = postSolution
		SolutionGuid = {F5162B6A-1CB1-424D-8A97-38AE21D1E025}
	EndGlobalSection
EndGlobal
