
Microsoft Visual Studio Solution File, Format Version 12.00
# Visual Studio Version 16
VisualStudioVersion = 16.0.29020.237
MinimumVisualStudioVersion = 10.0.40219.1
Project("{FAE04EC0-301F-11D3-BF4B-00C04F79EFBC}") = "CicliWhile", "CicliWhile\CicliWhile.csproj", "{6CA1631B-9017-4FE9-8225-D5744387F9A2}"
EndProject
Project("{FAE04EC0-301F-11D3-BF4B-00C04F79EFBC}") = "Timeshow", "Timeshow\Timeshow.csproj", "{44EAE417-B4C9-43CA-A81B-433687C53E1E}"
EndProject
Project("{FAE04EC0-301F-11D3-BF4B-00C04F79EFBC}") = "Bemvindo", "Bemvindo\Bemvindo.csproj", "{0476AD60-FBAE-4909-AE08-749351A9A540}"
EndProject
Global
	GlobalSection(SolutionConfigurationPlatforms) = preSolution
		Debug|Any CPU = Debug|Any CPU
		Release|Any CPU = Release|Any CPU
	EndGlobalSection
	GlobalSection(ProjectConfigurationPlatforms) = postSolution
		{6CA1631B-9017-4FE9-8225-D5744387F9A2}.Debug|Any CPU.ActiveCfg = Debug|Any CPU
		{6CA1631B-9017-4FE9-8225-D5744387F9A2}.Debug|Any CPU.Build.0 = Debug|Any CPU
		{6CA1631B-9017-4FE9-8225-D5744387F9A2}.Release|Any CPU.ActiveCfg = Release|Any CPU
		{6CA1631B-9017-4FE9-8225-D5744387F9A2}.Release|Any CPU.Build.0 = Release|Any CPU
		{44EAE417-B4C9-43CA-A81B-433687C53E1E}.Debug|Any CPU.ActiveCfg = Debug|Any CPU
		{44EAE417-B4C9-43CA-A81B-433687C53E1E}.Debug|Any CPU.Build.0 = Debug|Any CPU
		{44EAE417-B4C9-43CA-A81B-433687C53E1E}.Release|Any CPU.ActiveCfg = Release|Any CPU
		{44EAE417-B4C9-43CA-A81B-433687C53E1E}.Release|Any CPU.Build.0 = Release|Any CPU
		{0476AD60-FBAE-4909-AE08-749351A9A540}.Debug|Any CPU.ActiveCfg = Debug|Any CPU
		{0476AD60-FBAE-4909-AE08-749351A9A540}.Debug|Any CPU.Build.0 = Debug|Any CPU
		{0476AD60-FBAE-4909-AE08-749351A9A540}.Release|Any CPU.ActiveCfg = Release|Any CPU
		{0476AD60-FBAE-4909-AE08-749351A9A540}.Release|Any CPU.Build.0 = Release|Any CPU
	EndGlobalSection
	GlobalSection(SolutionProperties) = preSolution
		HideSolutionNode = FALSE
	EndGlobalSection
	GlobalSection(ExtensibilityGlobals) = postSolution
		SolutionGuid = {B65F883D-1547-48CD-952B-F72D1ABF2191}
	EndGlobalSection
EndGlobal
