
Microsoft Visual Studio Solution File, Format Version 12.00
# Visual Studio Version 16
VisualStudioVersion = 16.0.29020.237
MinimumVisualStudioVersion = 10.0.40219.1
Project("{FAE04EC0-301F-11D3-BF4B-00C04F79EFBC}") = "LacosDerepeticao", "LacosDerepeticao\LacosDerepeticao.csproj", "{F3893375-7D33-4D3F-A3CD-538A9BE0CE1A}"
EndProject
Global
	GlobalSection(SolutionConfigurationPlatforms) = preSolution
		Debug|Any CPU = Debug|Any CPU
		Release|Any CPU = Release|Any CPU
	EndGlobalSection
	GlobalSection(ProjectConfigurationPlatforms) = postSolution
		{F3893375-7D33-4D3F-A3CD-538A9BE0CE1A}.Debug|Any CPU.ActiveCfg = Debug|Any CPU
		{F3893375-7D33-4D3F-A3CD-538A9BE0CE1A}.Debug|Any CPU.Build.0 = Debug|Any CPU
		{F3893375-7D33-4D3F-A3CD-538A9BE0CE1A}.Release|Any CPU.ActiveCfg = Release|Any CPU
		{F3893375-7D33-4D3F-A3CD-538A9BE0CE1A}.Release|Any CPU.Build.0 = Release|Any CPU
	EndGlobalSection
	GlobalSection(SolutionProperties) = preSolution
		HideSolutionNode = FALSE
	EndGlobalSection
	GlobalSection(ExtensibilityGlobals) = postSolution
		SolutionGuid = {60436A2D-F763-4123-9640-BAC288F15863}
	EndGlobalSection
EndGlobal
