
Microsoft Visual Studio Solution File, Format Version 12.00
# Visual Studio Version 16
VisualStudioVersion = 16.0.29102.190
MinimumVisualStudioVersion = 10.0.40219.1
Project("{FAE04EC0-301F-11D3-BF4B-00C04F79EFBC}") = "ListarNome", "ListarNome\ListarNome.csproj", "{62E14991-34C6-4B0D-86A3-E4253D3E9666}"
EndProject
Global
	GlobalSection(SolutionConfigurationPlatforms) = preSolution
		Debug|Any CPU = Debug|Any CPU
		Release|Any CPU = Release|Any CPU
	EndGlobalSection
	GlobalSection(ProjectConfigurationPlatforms) = postSolution
		{62E14991-34C6-4B0D-86A3-E4253D3E9666}.Debug|Any CPU.ActiveCfg = Debug|Any CPU
		{62E14991-34C6-4B0D-86A3-E4253D3E9666}.Debug|Any CPU.Build.0 = Debug|Any CPU
		{62E14991-34C6-4B0D-86A3-E4253D3E9666}.Release|Any CPU.ActiveCfg = Release|Any CPU
		{62E14991-34C6-4B0D-86A3-E4253D3E9666}.Release|Any CPU.Build.0 = Release|Any CPU
	EndGlobalSection
	GlobalSection(SolutionProperties) = preSolution
		HideSolutionNode = FALSE
	EndGlobalSection
	GlobalSection(ExtensibilityGlobals) = postSolution
		SolutionGuid = {2A13B875-5B47-4E3D-B8B1-2214BBBFEBF2}
	EndGlobalSection
EndGlobal
