
Microsoft Visual Studio Solution File, Format Version 12.00
# Visual Studio Version 16
VisualStudioVersion = 16.0.29102.190
MinimumVisualStudioVersion = 10.0.40219.1
Project("{FAE04EC0-301F-11D3-BF4B-00C04F79EFBC}") = "ListandoPessoas2", "ListandoPessoas2\ListandoPessoas2.csproj", "{B67C351F-1010-4322-8381-455A8FEF5E9A}"
EndProject
Global
	GlobalSection(SolutionConfigurationPlatforms) = preSolution
		Debug|Any CPU = Debug|Any CPU
		Release|Any CPU = Release|Any CPU
	EndGlobalSection
	GlobalSection(ProjectConfigurationPlatforms) = postSolution
		{B67C351F-1010-4322-8381-455A8FEF5E9A}.Debug|Any CPU.ActiveCfg = Debug|Any CPU
		{B67C351F-1010-4322-8381-455A8FEF5E9A}.Debug|Any CPU.Build.0 = Debug|Any CPU
		{B67C351F-1010-4322-8381-455A8FEF5E9A}.Release|Any CPU.ActiveCfg = Release|Any CPU
		{B67C351F-1010-4322-8381-455A8FEF5E9A}.Release|Any CPU.Build.0 = Release|Any CPU
	EndGlobalSection
	GlobalSection(SolutionProperties) = preSolution
		HideSolutionNode = FALSE
	EndGlobalSection
	GlobalSection(ExtensibilityGlobals) = postSolution
		SolutionGuid = {956FB5D9-4C49-48BA-BE6A-3148432AF1E1}
	EndGlobalSection
EndGlobal
