
Microsoft Visual Studio Solution File, Format Version 12.00
# Visual Studio Version 16
VisualStudioVersion = 16.0.29424.173
MinimumVisualStudioVersion = 10.0.40219.1
Project("{FAE04EC0-301F-11D3-BF4B-00C04F79EFBC}") = "FirstCoreWebApi", "WebApplication2\FirstCoreWebApi.csproj", "{4D5F9DF5-C351-4528-BFD4-E93D6C0CBCAC}"
EndProject
Global
	GlobalSection(SolutionConfigurationPlatforms) = preSolution
		Debug|Any CPU = Debug|Any CPU
		Release|Any CPU = Release|Any CPU
	EndGlobalSection
	GlobalSection(ProjectConfigurationPlatforms) = postSolution
		{4D5F9DF5-C351-4528-BFD4-E93D6C0CBCAC}.Debug|Any CPU.ActiveCfg = Debug|Any CPU
		{4D5F9DF5-C351-4528-BFD4-E93D6C0CBCAC}.Debug|Any CPU.Build.0 = Debug|Any CPU
		{4D5F9DF5-C351-4528-BFD4-E93D6C0CBCAC}.Release|Any CPU.ActiveCfg = Release|Any CPU
		{4D5F9DF5-C351-4528-BFD4-E93D6C0CBCAC}.Release|Any CPU.Build.0 = Release|Any CPU
	EndGlobalSection
	GlobalSection(SolutionProperties) = preSolution
		HideSolutionNode = FALSE
	EndGlobalSection
	GlobalSection(ExtensibilityGlobals) = postSolution
		SolutionGuid = {EC8B8C0D-392C-439A-AC47-78B713F36D80}
	EndGlobalSection
EndGlobal
