
Microsoft Visual Studio Solution File, Format Version 12.00
# Visual Studio Version 16
VisualStudioVersion = 16.0.29102.190
MinimumVisualStudioVersion = 10.0.40219.1
Project("{FAE04EC0-301F-11D3-BF4B-00C04F79EFBC}") = "MinhaPrimeiraClass", "MinhaPrimeiraClass\MinhaPrimeiraClass.csproj", "{77D2EC31-9ECE-4597-B1C5-91894B68FDDB}"
EndProject
Project("{FAE04EC0-301F-11D3-BF4B-00C04F79EFBC}") = "MimhaSegundaClasse", "MimhaSegundaClasse\MimhaSegundaClasse.csproj", "{97BA21B3-CB68-4E0A-A081-3C5A93EA1862}"
EndProject
Global
	GlobalSection(SolutionConfigurationPlatforms) = preSolution
		Debug|Any CPU = Debug|Any CPU
		Release|Any CPU = Release|Any CPU
	EndGlobalSection
	GlobalSection(ProjectConfigurationPlatforms) = postSolution
		{77D2EC31-9ECE-4597-B1C5-91894B68FDDB}.Debug|Any CPU.ActiveCfg = Debug|Any CPU
		{77D2EC31-9ECE-4597-B1C5-91894B68FDDB}.Debug|Any CPU.Build.0 = Debug|Any CPU
		{77D2EC31-9ECE-4597-B1C5-91894B68FDDB}.Release|Any CPU.ActiveCfg = Release|Any CPU
		{77D2EC31-9ECE-4597-B1C5-91894B68FDDB}.Release|Any CPU.Build.0 = Release|Any CPU
		{97BA21B3-CB68-4E0A-A081-3C5A93EA1862}.Debug|Any CPU.ActiveCfg = Debug|Any CPU
		{97BA21B3-CB68-4E0A-A081-3C5A93EA1862}.Debug|Any CPU.Build.0 = Debug|Any CPU
		{97BA21B3-CB68-4E0A-A081-3C5A93EA1862}.Release|Any CPU.ActiveCfg = Release|Any CPU
		{97BA21B3-CB68-4E0A-A081-3C5A93EA1862}.Release|Any CPU.Build.0 = Release|Any CPU
	EndGlobalSection
	GlobalSection(SolutionProperties) = preSolution
		HideSolutionNode = FALSE
	EndGlobalSection
	GlobalSection(ExtensibilityGlobals) = postSolution
		SolutionGuid = {5008DF4E-962D-45E6-84E7-957549B7C2AD}
	EndGlobalSection
EndGlobal
