
Microsoft Visual Studio Solution File, Format Version 12.00
# Visual Studio Version 16
VisualStudioVersion = 16.0.29215.179
MinimumVisualStudioVersion = 10.0.40219.1
Project("{FAE04EC0-301F-11D3-BF4B-00C04F79EFBC}") = "Atividade1", "Atividade1\Atividade1.csproj", "{0A764D81-AE7A-4819-9CF1-F2445A8F2155}"
EndProject
Project("{FAE04EC0-301F-11D3-BF4B-00C04F79EFBC}") = "Atividade2", "Atividade2\Atividade2.csproj", "{ADE3DB1F-5C23-4C08-8F01-BFC15DED6265}"
EndProject
Global
	GlobalSection(SolutionConfigurationPlatforms) = preSolution
		Debug|Any CPU = Debug|Any CPU
		Release|Any CPU = Release|Any CPU
	EndGlobalSection
	GlobalSection(ProjectConfigurationPlatforms) = postSolution
		{0A764D81-AE7A-4819-9CF1-F2445A8F2155}.Debug|Any CPU.ActiveCfg = Debug|Any CPU
		{0A764D81-AE7A-4819-9CF1-F2445A8F2155}.Debug|Any CPU.Build.0 = Debug|Any CPU
		{0A764D81-AE7A-4819-9CF1-F2445A8F2155}.Release|Any CPU.ActiveCfg = Release|Any CPU
		{0A764D81-AE7A-4819-9CF1-F2445A8F2155}.Release|Any CPU.Build.0 = Release|Any CPU
		{ADE3DB1F-5C23-4C08-8F01-BFC15DED6265}.Debug|Any CPU.ActiveCfg = Debug|Any CPU
		{ADE3DB1F-5C23-4C08-8F01-BFC15DED6265}.Debug|Any CPU.Build.0 = Debug|Any CPU
		{ADE3DB1F-5C23-4C08-8F01-BFC15DED6265}.Release|Any CPU.ActiveCfg = Release|Any CPU
		{ADE3DB1F-5C23-4C08-8F01-BFC15DED6265}.Release|Any CPU.Build.0 = Release|Any CPU
	EndGlobalSection
	GlobalSection(SolutionProperties) = preSolution
		HideSolutionNode = FALSE
	EndGlobalSection
	GlobalSection(ExtensibilityGlobals) = postSolution
		SolutionGuid = {CD5C977C-8E42-42B3-B8D0-E21CD378D2C8}
	EndGlobalSection
EndGlobal
