
Microsoft Visual Studio Solution File, Format Version 12.00
# Visual Studio Version 16
VisualStudioVersion = 16.0.29215.179
MinimumVisualStudioVersion = 10.0.40219.1
Project("{FAE04EC0-301F-11D3-BF4B-00C04F79EFBC}") = "CalculandoIMC", "CalculandoIdade\CalculandoIMC.csproj", "{EBAC0A40-84F9-412E-A6F1-5948D963DDFB}"
EndProject
Global
	GlobalSection(SolutionConfigurationPlatforms) = preSolution
		Debug|Any CPU = Debug|Any CPU
		Release|Any CPU = Release|Any CPU
	EndGlobalSection
	GlobalSection(ProjectConfigurationPlatforms) = postSolution
		{EBAC0A40-84F9-412E-A6F1-5948D963DDFB}.Debug|Any CPU.ActiveCfg = Debug|Any CPU
		{EBAC0A40-84F9-412E-A6F1-5948D963DDFB}.Debug|Any CPU.Build.0 = Debug|Any CPU
		{EBAC0A40-84F9-412E-A6F1-5948D963DDFB}.Release|Any CPU.ActiveCfg = Release|Any CPU
		{EBAC0A40-84F9-412E-A6F1-5948D963DDFB}.Release|Any CPU.Build.0 = Release|Any CPU
	EndGlobalSection
	GlobalSection(SolutionProperties) = preSolution
		HideSolutionNode = FALSE
	EndGlobalSection
	GlobalSection(ExtensibilityGlobals) = postSolution
		SolutionGuid = {27C0E8C5-A9BB-4633-A041-1359922ED5F9}
	EndGlobalSection
EndGlobal
