
Microsoft Visual Studio Solution File, Format Version 12.00
# Visual Studio Version 16
VisualStudioVersion = 16.0.29020.237
MinimumVisualStudioVersion = 10.0.40219.1
Project("{FAE04EC0-301F-11D3-BF4B-00C04F79EFBC}") = "ReviwFor", "ReviwFor\ReviwFor.csproj", "{B882B25B-B00E-4EC1-94E3-B7887E507C5C}"
EndProject
Project("{FAE04EC0-301F-11D3-BF4B-00C04F79EFBC}") = "ReviwWhile", "ReviwWhile\ReviwWhile.csproj", "{4B93656B-C261-4DE1-8FAF-0D335D36200B}"
EndProject
Global
	GlobalSection(SolutionConfigurationPlatforms) = preSolution
		Debug|Any CPU = Debug|Any CPU
		Release|Any CPU = Release|Any CPU
	EndGlobalSection
	GlobalSection(ProjectConfigurationPlatforms) = postSolution
		{B882B25B-B00E-4EC1-94E3-B7887E507C5C}.Debug|Any CPU.ActiveCfg = Debug|Any CPU
		{B882B25B-B00E-4EC1-94E3-B7887E507C5C}.Debug|Any CPU.Build.0 = Debug|Any CPU
		{B882B25B-B00E-4EC1-94E3-B7887E507C5C}.Release|Any CPU.ActiveCfg = Release|Any CPU
		{B882B25B-B00E-4EC1-94E3-B7887E507C5C}.Release|Any CPU.Build.0 = Release|Any CPU
		{4B93656B-C261-4DE1-8FAF-0D335D36200B}.Debug|Any CPU.ActiveCfg = Debug|Any CPU
		{4B93656B-C261-4DE1-8FAF-0D335D36200B}.Debug|Any CPU.Build.0 = Debug|Any CPU
		{4B93656B-C261-4DE1-8FAF-0D335D36200B}.Release|Any CPU.ActiveCfg = Release|Any CPU
		{4B93656B-C261-4DE1-8FAF-0D335D36200B}.Release|Any CPU.Build.0 = Release|Any CPU
	EndGlobalSection
	GlobalSection(SolutionProperties) = preSolution
		HideSolutionNode = FALSE
	EndGlobalSection
	GlobalSection(ExtensibilityGlobals) = postSolution
		SolutionGuid = {0D2E41D1-79D7-4A19-96A5-EE2ABAACF4E6}
	EndGlobalSection
EndGlobal
